{
  "name": "warpmetal",
  "version": "0.7.3",
  "lockfileVersion": 3,
  "requires": true,
  "packages": {
    "": {
      "name": "warpmetal",
      "version": "0.7.3",
      "license": "UNLICENSED",
      "bin": {
        "warpmetal": "bin/warpmetal.js"
      },
      "engines": {
        "node": ">=20.0.0"
      }
    }
  }
}
